
Microsoft Visual Studio Solution File, Format Version 12.00
# Visual Studio Version 16
VisualStudioVersion = 16.0.30611.23
MinimumVisualStudioVersion = 10.0.40219.1
Project("{9A19103F-16F7-4668-BE54-9A1E7A4F7556}") = "ASE-Assignment", "ASE-Assignment\ASE-Assignment.csproj", "{A82C4B86-ACDD-4A8C-A68D-FD5415FDE434}"
EndProject
Project("{FAE04EC0-301F-11D3-BF4B-00C04F79EFBC}") = "ASE-Assignment-Testing", "ASE-Assignment-Testing\ASE-Assignment-Testing.csproj", "{46DA14A6-89F4-4B6A-BFCF-7C6F5BC4B6F8}"
EndProject
Global
	GlobalSection(SolutionConfigurationPlatforms) = preSolution
		Debug|Any CPU = Debug|Any CPU
		Release|Any CPU = Release|Any CPU
	EndGlobalSection
	GlobalSection(ProjectConfigurationPlatforms) = postSolution
		{A82C4B86-ACDD-4A8C-A68D-FD5415FDE434}.Debug|Any CPU.ActiveCfg = Debug|Any CPU
		{A82C4B86-ACDD-4A8C-A68D-FD5415FDE434}.Debug|Any CPU.Build.0 = Debug|Any CPU
		{A82C4B86-ACDD-4A8C-A68D-FD5415FDE434}.Release|Any CPU.ActiveCfg = Release|Any CPU
		{A82C4B86-ACDD-4A8C-A68D-FD5415FDE434}.Release|Any CPU.Build.0 = Release|Any CPU
		{46DA14A6-89F4-4B6A-BFCF-7C6F5BC4B6F8}.Debug|Any CPU.ActiveCfg = Debug|Any CPU
		{46DA14A6-89F4-4B6A-BFCF-7C6F5BC4B6F8}.Debug|Any CPU.Build.0 = Debug|Any CPU
		{46DA14A6-89F4-4B6A-BFCF-7C6F5BC4B6F8}.Release|Any CPU.ActiveCfg = Release|Any CPU
		{46DA14A6-89F4-4B6A-BFCF-7C6F5BC4B6F8}.Release|Any CPU.Build.0 = Release|Any CPU
	EndGlobalSection
	GlobalSection(SolutionProperties) = preSolution
		HideSolutionNode = FALSE
	EndGlobalSection
	GlobalSection(ExtensibilityGlobals) = postSolution
		SolutionGuid = {D5ADC442-420F-4420-9294-C3457192BA3B}
	EndGlobalSection
EndGlobal
